
Microsoft Visual Studio Solution File, Format Version 12.00
# Visual Studio Version 16
VisualStudioVersion = 16.0.29020.237
MinimumVisualStudioVersion = 10.0.40219.1
Project("{FAE04EC0-301F-11D3-BF4B-00C04F79EFBC}") = "SudokuSolver", "SudokuSolver\SudokuSolver.csproj", "{761F6FB3-C838-4F28-A000-E1F0A132E617}"
EndProject
Global
	GlobalSection(SolutionConfigurationPlatforms) = preSolution
		Debug|Any CPU = Debug|Any CPU
		Release|Any CPU = Release|Any CPU
	EndGlobalSection
	GlobalSection(ProjectConfigurationPlatforms) = postSolution
		{761F6FB3-C838-4F28-A000-E1F0A132E617}.Debug|Any CPU.ActiveCfg = Debug|Any CPU
		{761F6FB3-C838-4F28-A000-E1F0A132E617}.Debug|Any CPU.Build.0 = Debug|Any CPU
		{761F6FB3-C838-4F28-A000-E1F0A132E617}.Release|Any CPU.ActiveCfg = Release|Any CPU
		{761F6FB3-C838-4F28-A000-E1F0A132E617}.Release|Any CPU.Build.0 = Release|Any CPU
	EndGlobalSection
	GlobalSection(SolutionProperties) = preSolution
		HideSolutionNode = FALSE
	EndGlobalSection
	GlobalSection(ExtensibilityGlobals) = postSolution
		SolutionGuid = {2061C260-FF4D-424E-915E-A4B44A53E7E1}
	EndGlobalSection
EndGlobal
